// !$*UTF8*$!
{
	archiveVersion = 1;
	classes = {
	};
	objectVersion = 50;
	objects = {

/* Begin PBXBuildFile section */
		DD2778DC1C7CCBB4005A1529 /* AppDelegate.swift in Sources */ = {isa = PBXBuildFile; fileRef = DD2778DB1C7CCBB4005A1529 /* AppDelegate.swift */; };
		DD2778E01C7CCBB4005A1529 /* Assets.xcassets in Resources */ = {isa = PBXBuildFile; fileRef = DD2778DF1C7CCBB4005A1529 /* Assets.xcassets */; };
		DD27791C1C7CD144005A1529 /* FinderSync.swift in Sources */ = {isa = PBXBuildFile; fileRef = DD27791B1C7CD144005A1529 /* FinderSync.swift */; };
		DD2779201C7CD144005A1529 /* Open Terminal Finder Extension.appex in Embed App Extensions */ = {isa = PBXBuildFile; fileRef = DD2779171C7CD144005A1529 /* Open Terminal Finder Extension.appex */; settings = {ATTRIBUTES = (RemoveHeadersOnCopy, ); }; };
		DD2801FF212725B600C7F995 /* main.swift in Sources */ = {isa = PBXBuildFile; fileRef = DD2801FE212725B600C7F995 /* main.swift */; };
		DD28020621275B2500C7F995 /* Localizable.strings in Resources */ = {isa = PBXBuildFile; fileRef = DD28020821275B2500C7F995 /* Localizable.strings */; };
		EDC39F861DC3FC09008978D0 /* SwiftySystem.swift in Sources */ = {isa = PBXBuildFile; fileRef = EDC39F851DC3FC09008978D0 /* SwiftySystem.swift */; };
/* End PBXBuildFile section */

/* Begin PBXContainerItemProxy section */
		DD27791E1C7CD144005A1529 /* PBXContainerItemProxy */ = {
			isa = PBXContainerItemProxy;
			containerPortal = DD4195231C7CAA6900330823 /* Project object */;
			proxyType = 1;
			remoteGlobalIDString = DD2779161C7CD144005A1529;
			remoteInfo = "Open Terminal Finder Extension";
		};
/* End PBXContainerItemProxy section */

/* Begin PBXCopyFilesBuildPhase section */
		DD2779121C7CD0F8005A1529 /* Embed App Extensions */ = {
			isa = PBXCopyFilesBuildPhase;
			buildActionMask = 2147483647;
			dstPath = "";
			dstSubfolderSpec = 13;
			files = (
				DD2779201C7CD144005A1529 /* Open Terminal Finder Extension.appex in Embed App Extensions */,
			);
			name = "Embed App Extensions";
			runOnlyForDeploymentPostprocessing = 0;
		};
/* End PBXCopyFilesBuildPhase section */

/* Begin PBXFileReference section */
		DD2778D91C7CCBB4005A1529 /* Open Terminal.app */ = {isa = PBXFileReference; explicitFileType = wrapper.application; includeInIndex = 0; path = "Open Terminal.app"; sourceTree = BUILT_PRODUCTS_DIR; };
		DD2778DB1C7CCBB4005A1529 /* AppDelegate.swift */ = {isa = PBXFileReference; lastKnownFileType = sourcecode.swift; path = AppDelegate.swift; sourceTree = "<group>"; };
		DD2778DF1C7CCBB4005A1529 /* Assets.xcassets */ = {isa = PBXFileReference; lastKnownFileType = folder.assetcatalog; path = Assets.xcassets; sourceTree = "<group>"; };
		DD2778E41C7CCBB4005A1529 /* Info.plist */ = {isa = PBXFileReference; lastKnownFileType = text.plist.xml; path = Info.plist; sourceTree = "<group>"; };
		DD2779171C7CD144005A1529 /* Open Terminal Finder Extension.appex */ = {isa = PBXFileReference; explicitFileType = "wrapper.app-extension"; includeInIndex = 0; path = "Open Terminal Finder Extension.appex"; sourceTree = BUILT_PRODUCTS_DIR; };
		DD27791A1C7CD144005A1529 /* Open_Terminal_Finder_Extension.entitlements */ = {isa = PBXFileReference; lastKnownFileType = text.xml; path = Open_Terminal_Finder_Extension.entitlements; sourceTree = "<group>"; };
		DD27791B1C7CD144005A1529 /* FinderSync.swift */ = {isa = PBXFileReference; lastKnownFileType = sourcecode.swift; path = FinderSync.swift; sourceTree = "<group>"; };
		DD27791D1C7CD144005A1529 /* Info.plist */ = {isa = PBXFileReference; lastKnownFileType = text.plist.xml; path = Info.plist; sourceTree = "<group>"; };
		DD2801FE212725B600C7F995 /* main.swift */ = {isa = PBXFileReference; lastKnownFileType = sourcecode.swift; path = main.swift; sourceTree = "<group>"; };
		DD28020721275B2500C7F995 /* en */ = {isa = PBXFileReference; lastKnownFileType = text.plist.strings; name = en; path = en.lproj/Localizable.strings; sourceTree = "<group>"; };
		DD28020921275B3300C7F995 /* fr */ = {isa = PBXFileReference; lastKnownFileType = text.plist.strings; name = fr; path = fr.lproj/Localizable.strings; sourceTree = "<group>"; };
		DD28020D21275F7100C7F995 /* Open Terminal.entitlements */ = {isa = PBXFileReference; lastKnownFileType = text.plist.entitlements; path = "Open Terminal.entitlements"; sourceTree = "<group>"; };
		DD4195681C7CAB4C00330823 /* Cocoa.framework */ = {isa = PBXFileReference; lastKnownFileType = wrapper.framework; name = Cocoa.framework; path = System/Library/Frameworks/Cocoa.framework; sourceTree = SDKROOT; };
		EDC39F851DC3FC09008978D0 /* SwiftySystem.swift */ = {isa = PBXFileReference; fileEncoding = 4; lastKnownFileType = sourcecode.swift; path = SwiftySystem.swift; sourceTree = "<group>"; };
/* End PBXFileReference section */

/* Begin PBXFrameworksBuildPhase section */
		DD2778D61C7CCBB4005A1529 /* Frameworks */ = {
			isa = PBXFrameworksBuildPhase;
			buildActionMask = 2147483647;
			files = (
			);
			runOnlyForDeploymentPostprocessing = 0;
		};
		DD2779141C7CD144005A1529 /* Frameworks */ = {
			isa = PBXFrameworksBuildPhase;
			buildActionMask = 2147483647;
			files = (
			);
			runOnlyForDeploymentPostprocessing = 0;
		};
/* End PBXFrameworksBuildPhase section */

/* Begin PBXGroup section */
		DD2778DA1C7CCBB4005A1529 /* Open Terminal */ = {
			isa = PBXGroup;
			children = (
				DD28020D21275F7100C7F995 /* Open Terminal.entitlements */,
				DD2778DB1C7CCBB4005A1529 /* AppDelegate.swift */,
				DD2778DF1C7CCBB4005A1529 /* Assets.xcassets */,
				DD2778E41C7CCBB4005A1529 /* Info.plist */,
				EDC39F851DC3FC09008978D0 /* SwiftySystem.swift */,
				DD2801FE212725B600C7F995 /* main.swift */,
			);
			path = "Open Terminal";
			sourceTree = "<group>";
		};
		DD2779181C7CD144005A1529 /* Open Terminal Finder Extension */ = {
			isa = PBXGroup;
			children = (
				DD27791B1C7CD144005A1529 /* FinderSync.swift */,
				DD27791D1C7CD144005A1529 /* Info.plist */,
				DD2779191C7CD144005A1529 /* Supporting Files */,
			);
			path = "Open Terminal Finder Extension";
			sourceTree = "<group>";
		};
		DD2779191C7CD144005A1529 /* Supporting Files */ = {
			isa = PBXGroup;
			children = (
				DD27791A1C7CD144005A1529 /* Open_Terminal_Finder_Extension.entitlements */,
				DD28020821275B2500C7F995 /* Localizable.strings */,
			);
			name = "Supporting Files";
			sourceTree = "<group>";
		};
		DD4195221C7CAA6900330823 = {
			isa = PBXGroup;
			children = (
				DD2778DA1C7CCBB4005A1529 /* Open Terminal */,
				DD2779181C7CD144005A1529 /* Open Terminal Finder Extension */,
				DD4195671C7CAB4C00330823 /* Frameworks */,
				DD41952C1C7CAA6900330823 /* Products */,
			);
			sourceTree = "<group>";
		};
		DD41952C1C7CAA6900330823 /* Products */ = {
			isa = PBXGroup;
			children = (
				DD2778D91C7CCBB4005A1529 /* Open Terminal.app */,
				DD2779171C7CD144005A1529 /* Open Terminal Finder Extension.appex */,
			);
			name = Products;
			sourceTree = "<group>";
		};
		DD4195671C7CAB4C00330823 /* Frameworks */ = {
			isa = PBXGroup;
			children = (
				DD4195681C7CAB4C00330823 /* Cocoa.framework */,
			);
			name = Frameworks;
			sourceTree = "<group>";
		};
/* End PBXGroup section */

/* Begin PBXNativeTarget section */
		DD2778D81C7CCBB4005A1529 /* Open Terminal */ = {
			isa = PBXNativeTarget;
			buildConfigurationList = DD2778F01C7CCBB4005A1529 /* Build configuration list for PBXNativeTarget "Open Terminal" */;
			buildPhases = (
				DD2778D51C7CCBB4005A1529 /* Sources */,
				DD2778D61C7CCBB4005A1529 /* Frameworks */,
				DD2778D71C7CCBB4005A1529 /* Resources */,
				DD2779121C7CD0F8005A1529 /* Embed App Extensions */,
			);
			buildRules = (
			);
			dependencies = (
				DD27791F1C7CD144005A1529 /* PBXTargetDependency */,
			);
			name = "Open Terminal";
			productName = "Open Terminal";
			productReference = DD2778D91C7CCBB4005A1529 /* Open Terminal.app */;
			productType = "com.apple.product-type.application";
		};
		DD2779161C7CD144005A1529 /* Open Terminal Finder Extension */ = {
			isa = PBXNativeTarget;
			buildConfigurationList = DD2779211C7CD144005A1529 /* Build configuration list for PBXNativeTarget "Open Terminal Finder Extension" */;
			buildPhases = (
				DD2779131C7CD144005A1529 /* Sources */,
				DD2779151C7CD144005A1529 /* Resources */,
				DD2779141C7CD144005A1529 /* Frameworks */,
			);
			buildRules = (
			);
			dependencies = (
			);
			name = "Open Terminal Finder Extension";
			productName = "Open Terminal Finder Extension";
			productReference = DD2779171C7CD144005A1529 /* Open Terminal Finder Extension.appex */;
			productType = "com.apple.product-type.app-extension";
		};
/* End PBXNativeTarget section */

/* Begin PBXProject section */
		DD4195231C7CAA6900330823 /* Project object */ = {
			isa = PBXProject;
			attributes = {
				LastSwiftUpdateCheck = 0720;
				LastUpgradeCheck = 0940;
				ORGANIZATIONNAME = QP;
				TargetAttributes = {
					DD2778D81C7CCBB4005A1529 = {
						CreatedOnToolsVersion = 7.2.1;
						SystemCapabilities = {
							com.apple.VPNLite = {
								enabled = 0;
							};
						};
					};
					DD2779161C7CD144005A1529 = {
						CreatedOnToolsVersion = 7.2.1;
						SystemCapabilities = {
							com.apple.ApplicationGroups.Mac = {
								enabled = 1;
							};
						};
					};
				};
			};
			buildConfigurationList = DD4195261C7CAA6900330823 /* Build configuration list for PBXProject "OpenTerminal" */;
			compatibilityVersion = "Xcode 9.3";
			developmentRegion = English;
			hasScannedForEncodings = 0;
			knownRegions = (
				en,
				Base,
				fr,
			);
			mainGroup = DD4195221C7CAA6900330823;
			productRefGroup = DD41952C1C7CAA6900330823 /* Products */;
			projectDirPath = "";
			projectRoot = "";
			targets = (
				DD2778D81C7CCBB4005A1529 /* Open Terminal */,
				DD2779161C7CD144005A1529 /* Open Terminal Finder Extension */,
			);
		};
/* End PBXProject section */

/* Begin PBXResourcesBuildPhase section */
		DD2778D71C7CCBB4005A1529 /* Resources */ = {
			isa = PBXResourcesBuildPhase;
			buildActionMask = 2147483647;
			files = (
				DD2778E01C7CCBB4005A1529 /* Assets.xcassets in Resources */,
			);
			runOnlyForDeploymentPostprocessing = 0;
		};
		DD2779151C7CD144005A1529 /* Resources */ = {
			isa = PBXResourcesBuildPhase;
			buildActionMask = 2147483647;
			files = (
				DD28020621275B2500C7F995 /* Localizable.strings in Resources */,
			);
			runOnlyForDeploymentPostprocessing = 0;
		};
/* End PBXResourcesBuildPhase section */

/* Begin PBXSourcesBuildPhase section */
		DD2778D51C7CCBB4005A1529 /* Sources */ = {
			isa = PBXSourcesBuildPhase;
			buildActionMask = 2147483647;
			files = (
				EDC39F861DC3FC09008978D0 /* SwiftySystem.swift in Sources */,
				DD2778DC1C7CCBB4005A1529 /* AppDelegate.swift in Sources */,
				DD2801FF212725B600C7F995 /* main.swift in Sources */,
			);
			runOnlyForDeploymentPostprocessing = 0;
		};
		DD2779131C7CD144005A1529 /* Sources */ = {
			isa = PBXSourcesBuildPhase;
			buildActionMask = 2147483647;
			files = (
				DD27791C1C7CD144005A1529 /* FinderSync.swift in Sources */,
			);
			runOnlyForDeploymentPostprocessing = 0;
		};
/* End PBXSourcesBuildPhase section */

/* Begin PBXTargetDependency section */
		DD27791F1C7CD144005A1529 /* PBXTargetDependency */ = {
			isa = PBXTargetDependency;
			target = DD2779161C7CD144005A1529 /* Open Terminal Finder Extension */;
			targetProxy = DD27791E1C7CD144005A1529 /* PBXContainerItemProxy */;
		};
/* End PBXTargetDependency section */

/* Begin PBXVariantGroup section */
		DD28020821275B2500C7F995 /* Localizable.strings */ = {
			isa = PBXVariantGroup;
			children = (
				DD28020721275B2500C7F995 /* en */,
				DD28020921275B3300C7F995 /* fr */,
			);
			name = Localizable.strings;
			sourceTree = "<group>";
		};
/* End PBXVariantGroup section */

/* Begin XCBuildConfiguration section */
		DD2778F11C7CCBB4005A1529 /* Debug */ = {
			isa = XCBuildConfiguration;
			buildSettings = {
				ALWAYS_EMBED_SWIFT_STANDARD_LIBRARIES = YES;
				ASSETCATALOG_COMPILER_APPICON_NAME = AppIcon;
				CODE_SIGN_IDENTITY = "Mac Developer";
				CODE_SIGN_STYLE = Automatic;
				COMBINE_HIDPI_IMAGES = YES;
				DEVELOPMENT_TEAM = MK2RQZD575;
				INFOPLIST_FILE = "Open Terminal/Info.plist";
				LD_RUNPATH_SEARCH_PATHS = (
					"$(inherited)",
					"@executable_path/../Frameworks",
				);
				PRODUCT_BUNDLE_IDENTIFIER = fr.qparis.openterminal;
				PRODUCT_NAME = "$(TARGET_NAME)";
				PROVISIONING_PROFILE = "";
				PROVISIONING_PROFILE_SPECIFIER = "";
				SWIFT_VERSION = 4.0;
			};
			name = Debug;
		};
		DD2778F21C7CCBB4005A1529 /* Release */ = {
			isa = XCBuildConfiguration;
			buildSettings = {
				ALWAYS_EMBED_SWIFT_STANDARD_LIBRARIES = YES;
				ASSETCATALOG_COMPILER_APPICON_NAME = AppIcon;
				CODE_SIGN_IDENTITY = "Mac Developer";
				CODE_SIGN_STYLE = Automatic;
				COMBINE_HIDPI_IMAGES = YES;
				DEVELOPMENT_TEAM = MK2RQZD575;
				INFOPLIST_FILE = "Open Terminal/Info.plist";
				LD_RUNPATH_SEARCH_PATHS = (
					"$(inherited)",
					"@executable_path/../Frameworks",
				);
				PRODUCT_BUNDLE_IDENTIFIER = fr.qparis.openterminal;
				PRODUCT_NAME = "$(TARGET_NAME)";
				PROVISIONING_PROFILE = "";
				PROVISIONING_PROFILE_SPECIFIER = "";
				SWIFT_VERSION = 4.0;
			};
			name = Release;
		};
		DD2779221C7CD144005A1529 /* Debug */ = {
			isa = XCBuildConfiguration;
			buildSettings = {
				CODE_SIGN_ENTITLEMENTS = "Open Terminal Finder Extension/Open_Terminal_Finder_Extension.entitlements";
				CODE_SIGN_IDENTITY = "Mac Developer";
				"CODE_SIGN_IDENTITY[sdk=macosx*]" = "Mac Developer";
				CODE_SIGN_STYLE = Automatic;
				COMBINE_HIDPI_IMAGES = YES;
				DEVELOPMENT_TEAM = MK2RQZD575;
				INFOPLIST_FILE = "Open Terminal Finder Extension/Info.plist";
				LD_RUNPATH_SEARCH_PATHS = (
					"$(inherited)",
					"@executable_path/../Frameworks",
					"@executable_path/../../../../Frameworks",
				);
				PRODUCT_BUNDLE_IDENTIFIER = "fr.qparis.openterminal.Open-Terminal-Finder-Extension";
				PRODUCT_NAME = "$(TARGET_NAME)";
				PROVISIONING_PROFILE = "";
				PROVISIONING_PROFILE_SPECIFIER = "";
				SKIP_INSTALL = YES;
				SWIFT_VERSION = 4.0;
			};
			name = Debug;
		};
		DD2779231C7CD144005A1529 /* Release */ = {
			isa = XCBuildConfiguration;
			buildSettings = {
				CODE_SIGN_ENTITLEMENTS = "Open Terminal Finder Extension/Open_Terminal_Finder_Extension.entitlements";
				CODE_SIGN_IDENTITY = "Mac Developer";
				"CODE_SIGN_IDENTITY[sdk=macosx*]" = "Mac Developer";
				CODE_SIGN_STYLE = Automatic;
				COMBINE_HIDPI_IMAGES = YES;
				DEVELOPMENT_TEAM = MK2RQZD575;
				INFOPLIST_FILE = "Open Terminal Finder Extension/Info.plist";
				LD_RUNPATH_SEARCH_PATHS = (
					"$(inherited)",
					"@executable_path/../Frameworks",
					"@executable_path/../../../../Frameworks",
				);
				PRODUCT_BUNDLE_IDENTIFIER = "fr.qparis.openterminal.Open-Terminal-Finder-Extension";
				PRODUCT_NAME = "$(TARGET_NAME)";
				PROVISIONING_PROFILE = "";
				PROVISIONING_PROFILE_SPECIFIER = "";
				SKIP_INSTALL = YES;
				SWIFT_VERSION = 4.0;
			};
			name = Release;
		};
		DD4195431C7CAA6900330823 /* Debug */ = {
			isa = XCBuildConfiguration;
			buildSettings = {
				ALWAYS_SEARCH_USER_PATHS = NO;
				CLANG_ANALYZER_LOCALIZABILITY_NONLOCALIZED = YES;
				CLANG_CXX_LANGUAGE_STANDARD = "gnu++0x";
				CLANG_CXX_LIBRARY = "libc++";
				CLANG_ENABLE_MODULES = YES;
				CLANG_ENABLE_OBJC_ARC = YES;
				CLANG_WARN_BLOCK_CAPTURE_AUTORELEASING = YES;
				CLANG_WARN_BOOL_CONVERSION = YES;
				CLANG_WARN_COMMA = YES;
				CLANG_WARN_CONSTANT_CONVERSION = YES;
				CLANG_WARN_DEPRECATED_OBJC_IMPLEMENTATIONS = YES;
				CLANG_WARN_DIRECT_OBJC_ISA_USAGE = YES_ERROR;
				CLANG_WARN_EMPTY_BODY = YES;
				CLANG_WARN_ENUM_CONVERSION = YES;
				CLANG_WARN_INFINITE_RECURSION = YES;
				CLANG_WARN_INT_CONVERSION = YES;
				CLANG_WARN_NON_LITERAL_NULL_CONVERSION = YES;
				CLANG_WARN_OBJC_IMPLICIT_RETAIN_SELF = YES;
				CLANG_WARN_OBJC_LITERAL_CONVERSION = YES;
				CLANG_WARN_OBJC_ROOT_CLASS = YES_ERROR;
				CLANG_WARN_RANGE_LOOP_ANALYSIS = YES;
				CLANG_WARN_STRICT_PROTOTYPES = YES;
				CLANG_WARN_SUSPICIOUS_MOVE = YES;
				CLANG_WARN_UNREACHABLE_CODE = YES;
				CLANG_WARN__DUPLICATE_METHOD_MATCH = YES;
				CODE_SIGN_IDENTITY = "Developer ID Application";
				COPY_PHASE_STRIP = NO;
				DEBUG_INFORMATION_FORMAT = dwarf;
				ENABLE_STRICT_OBJC_MSGSEND = YES;
				ENABLE_TESTABILITY = YES;
				GCC_C_LANGUAGE_STANDARD = gnu99;
				GCC_DYNAMIC_NO_PIC = NO;
				GCC_NO_COMMON_BLOCKS = YES;
				GCC_OPTIMIZATION_LEVEL = 0;
				GCC_PREPROCESSOR_DEFINITIONS = (
					"DEBUG=1",
					"$(inherited)",
				);
				GCC_WARN_64_TO_32_BIT_CONVERSION = YES;
				GCC_WARN_ABOUT_RETURN_TYPE = YES_ERROR;
				GCC_WARN_UNDECLARED_SELECTOR = YES;
				GCC_WARN_UNINITIALIZED_AUTOS = YES_AGGRESSIVE;
				GCC_WARN_UNUSED_FUNCTION = YES;
				GCC_WARN_UNUSED_VARIABLE = YES;
				MACOSX_DEPLOYMENT_TARGET = 10.11;
				MTL_ENABLE_DEBUG_INFO = YES;
				ONLY_ACTIVE_ARCH = YES;
				PROVISIONING_PROFILE = "";
				SDKROOT = macosx;
				SWIFT_OPTIMIZATION_LEVEL = "-Onone";
			};
			name = Debug;
		};
		DD4195441C7CAA6900330823 /* Release */ = {
			isa = XCBuildConfiguration;
			buildSettings = {
				ALWAYS_SEARCH_USER_PATHS = NO;
				CLANG_ANALYZER_LOCALIZABILITY_NONLOCALIZED = YES;
				CLANG_CXX_LANGUAGE_STANDARD = "gnu++0x";
				CLANG_CXX_LIBRARY = "libc++";
				CLANG_ENABLE_MODULES = YES;
				CLANG_ENABLE_OBJC_ARC = YES;
				CLANG_WARN_BLOCK_CAPTURE_AUTORELEASING = YES;
				CLANG_WARN_BOOL_CONVERSION = YES;
				CLANG_WARN_COMMA = YES;
				CLANG_WARN_CONSTANT_CONVERSION = YES;
				CLANG_WARN_DEPRECATED_OBJC_IMPLEMENTATIONS = YES;
				CLANG_WARN_DIRECT_OBJC_ISA_USAGE = YES_ERROR;
				CLANG_WARN_EMPTY_BODY = YES;
				CLANG_WARN_ENUM_CONVERSION = YES;
				CLANG_WARN_INFINITE_RECURSION = YES;
				CLANG_WARN_INT_CONVERSION = YES;
				CLANG_WARN_NON_LITERAL_NULL_CONVERSION = YES;
				CLANG_WARN_OBJC_IMPLICIT_RETAIN_SELF = YES;
				CLANG_WARN_OBJC_LITERAL_CONVERSION = YES;
				CLANG_WARN_OBJC_ROOT_CLASS = YES_ERROR;
				CLANG_WARN_RANGE_LOOP_ANALYSIS = YES;
				CLANG_WARN_STRICT_PROTOTYPES = YES;
				CLANG_WARN_SUSPICIOUS_MOVE = YES;
				CLANG_WARN_UNREACHABLE_CODE = YES;
				CLANG_WARN__DUPLICATE_METHOD_MATCH = YES;
				CODE_SIGN_IDENTITY = "Developer ID Application";
				COPY_PHASE_STRIP = NO;
				DEBUG_INFORMATION_FORMAT = "dwarf-with-dsym";
				ENABLE_NS_ASSERTIONS = NO;
				ENABLE_STRICT_OBJC_MSGSEND = YES;
				GCC_C_LANGUAGE_STANDARD = gnu99;
				GCC_NO_COMMON_BLOCKS = YES;
				GCC_WARN_64_TO_32_BIT_CONVERSION = YES;
				GCC_WARN_ABOUT_RETURN_TYPE = YES_ERROR;
				GCC_WARN_UNDECLARED_SELECTOR = YES;
				GCC_WARN_UNINITIALIZED_AUTOS = YES_AGGRESSIVE;
				GCC_WARN_UNUSED_FUNCTION = YES;
				GCC_WARN_UNUSED_VARIABLE = YES;
				MACOSX_DEPLOYMENT_TARGET = 10.11;
				MTL_ENABLE_DEBUG_INFO = NO;
				PROVISIONING_PROFILE = "";
				SDKROOT = macosx;
				SWIFT_COMPILATION_MODE = wholemodule;
			};
			name = Release;
		};
/* End XCBuildConfiguration section */

/* Begin XCConfigurationList section */
		DD2778F01C7CCBB4005A1529 /* Build configuration list for PBXNativeTarget "Open Terminal" */ = {
			isa = XCConfigurationList;
			buildConfigurations = (
				DD2778F11C7CCBB4005A1529 /* Debug */,
				DD2778F21C7CCBB4005A1529 /* Release */,
			);
			defaultConfigurationIsVisible = 0;
			defaultConfigurationName = Release;
		};
		DD2779211C7CD144005A1529 /* Build configuration list for PBXNativeTarget "Open Terminal Finder Extension" */ = {
			isa = XCConfigurationList;
			buildConfigurations = (
				DD2779221C7CD144005A1529 /* Debug */,
				DD2779231C7CD144005A1529 /* Release */,
			);
			defaultConfigurationIsVisible = 0;
			defaultConfigurationName = Release;
		};
		DD4195261C7CAA6900330823 /* Build configuration list for PBXProject "OpenTerminal" */ = {
			isa = XCConfigurationList;
			buildConfigurations = (
				DD4195431C7CAA6900330823 /* Debug */,
				DD4195441C7CAA6900330823 /* Release */,
			);
			defaultConfigurationIsVisible = 0;
			defaultConfigurationName = Release;
		};
/* End XCConfigurationList section */
	};
	rootObject = DD4195231C7CAA6900330823 /* Project object */;
}
